
Microsoft Visual Studio Solution File, Format Version 12.00
# Visual Studio 15
VisualStudioVersion = 15.0.26730.12
MinimumVisualStudioVersion = 10.0.40219.1
Project("{FAE04EC0-301F-11D3-BF4B-00C04F79EFBC}") = "Mjml", "Mjml\Mjml.csproj", "{A6B899BD-8464-4CB2-BFA0-1C66F36298D2}"
EndProject
Project("{FAE04EC0-301F-11D3-BF4B-00C04F79EFBC}") = "Testulum", "Testulum\Testulum.csproj", "{CE7778F5-DF4B-4298-9EE4-CFC9E45D2B65}"
EndProject
Global
	GlobalSection(SolutionConfigurationPlatforms) = preSolution
		Debug|Any CPU = Debug|Any CPU
		Release|Any CPU = Release|Any CPU
	EndGlobalSection
	GlobalSection(ProjectConfigurationPlatforms) = postSolution
		{A6B899BD-8464-4CB2-BFA0-1C66F36298D2}.Debug|Any CPU.ActiveCfg = Debug|Any CPU
		{A6B899BD-8464-4CB2-BFA0-1C66F36298D2}.Debug|Any CPU.Build.0 = Debug|Any CPU
		{A6B899BD-8464-4CB2-BFA0-1C66F36298D2}.Release|Any CPU.ActiveCfg = Release|Any CPU
		{A6B899BD-8464-4CB2-BFA0-1C66F36298D2}.Release|Any CPU.Build.0 = Release|Any CPU
		{CE7778F5-DF4B-4298-9EE4-CFC9E45D2B65}.Debug|Any CPU.ActiveCfg = Debug|Any CPU
		{CE7778F5-DF4B-4298-9EE4-CFC9E45D2B65}.Debug|Any CPU.Build.0 = Debug|Any CPU
		{CE7778F5-DF4B-4298-9EE4-CFC9E45D2B65}.Release|Any CPU.ActiveCfg = Release|Any CPU
		{CE7778F5-DF4B-4298-9EE4-CFC9E45D2B65}.Release|Any CPU.Build.0 = Release|Any CPU
	EndGlobalSection
	GlobalSection(SolutionProperties) = preSolution
		HideSolutionNode = FALSE
	EndGlobalSection
	GlobalSection(ExtensibilityGlobals) = postSolution
		SolutionGuid = {CC38930E-A407-4E07-A2AC-5CA7C2BBC5ED}
	EndGlobalSection
EndGlobal
